version = 1
revision = 3
requires-python = ">=3.12"

[[package]]
name = "anyio"
version = "4.15.1"
source = { registry = "https://pypi.org/simple" }
dependencies = [
    { name = "idna" },
    { name = "typing-extensions", marker = "python_full_version < '3.15'" },
]
sdist = { url = "https://files.pythonhosted.org/packages/a9/d2/f4d173e22df740bc37b1db102b386ba719b66e95b0f0d751f556b387e6d2/anyio-4.15.1.tar.gz", hash = "sha256:9f28306018cbd6d329e64a36d58256edff76dd996fe423bc957326e578b82a94", size = 276966, upload-time = "2026-09-05T10:42:39.44Z" }
wheels = [
    { url = "https://files.pythonhosted.org/packages/12/b8/4bd346e22b28902df4d651910f5242c28d84e4a5c2435ca5c3f797ed7e2e/anyio-4.15.1-py3-none-any.whl", hash = "sha256:6152fdbbf9a77fdec97731721bebf7c4c44f7c29b424b0065826173efc7ed101", size = 132079, upload-time = "2026-09-05T10:42:37.923Z" },
]

[[package]]
name = "certifi"
version = "2026.7.22"
source = { registry = "https://pypi.org/simple" }
sdist = { url = "https://files.pythonhosted.org/packages/a3/c2/24167ea9858356b47a87a50d39908bfdb72ceeefe0041586e704e5376b3a/certifi-2026.7.22.tar.gz", hash = "sha256:741e2c3b351ddf169a738da9f2c048608ff7f2c5cc02f1ebc6b118bb090d5d55", size = 138112, upload-time = "2026-07-22T03:35:12.644Z" }
wheels = [
    { url = "https://files.pythonhosted.org/packages/0b/a7/71ac2cff56fec219ed242bb11b8efb69fcc4bec75db06fb7bfe35de520e6/certifi-2026.7.22-py3-none-any.whl", hash = "sha256:62f22742b58a1a33014a2b6b706588a8d7e2a88ae7bd1a6ebe8c992928483775", size = 136983, upload-time = "2026-07-22T03:35:11.276Z" },
]

[[package]]
name = "colorama"
version = "0.4.6"
source = { registry = "https://pypi.org/simple" }
sdist = { url = "https://files.pythonhosted.org/packages/d8/53/6f443c9a4a8358a93a6792e2acffb9d9d5cb0a5cfd8802644b7b1c9a02e4/colorama-0.4.6.tar.gz", hash = "sha256:08695f5cb7ed6e0531a20572697297273c47b8cae5a63ffc6d6ed5c201be6e44", size = 27697, upload-time = "2022-10-25T02:36:22.414Z" }
wheels = [
    { url = "https://files.pythonhosted.org/packages/d1/d6/3965ed04c63042e047cb6a3e6ed1a63a35087b6a609aa3a15ed8ac56c221/colorama-0.4.6-py2.py3-none-any.whl", hash = "sha256:4f1d9991f5acc0ca119f9d443620b77f9d6b33703e51011c16baf57afb285fc6", size = 25335, upload-time = "2022-10-25T02:36:20.889Z" },
]

[[package]]
name = "h11"
version = "0.16.0"
source = { registry = "https://pypi.org/simple" }
sdist = { url = "https://files.pythonhosted.org/packages/01/ee/02a2c011bdab74c6fb3c75474d40b3052059d95df7e73351460c8588d963/h11-0.16.0.tar.gz", hash = "sha256:4e35b956cf45792e4caa5885e69fba00bdbc6ffafbfa020300e549b208ee5ff1", size = 101250, upload-time = "2025-04-24T03:35:25.427Z" }
wheels = [
    { url = "https://files.pythonhosted.org/packages/04/4b/29cac41a4d98d144bf5f6d33995617b185d14b22401f75ca86f384e87ff1/h11-0.16.0-py3-none-any.whl", hash = "sha256:63cf8bbe7522de3bf65932fda1d9c2772064ffb3dae62d55932da54b31cb6c86", size = 37515, upload-time = "2025-04-24T03:35:24.344Z" },
]

[[package]]
name = "httpcore"
version = "1.0.9"
source = { registry = "https://pypi.org/simple" }
dependencies = [
    { name = "certifi" },
    { name = "h11" },
]
sdist = { url = "https://files.pythonhosted.org/packages/06/94/82699a10bca87a5556c9c59b5963f2d039dbd239f25bc2a63907a05a14cb/httpcore-1.0.9.tar.gz", hash = "sha256:6e34463af53fd2ab5d807f399a9b45ea31c3dfa2276f15a2c3f00afff6e176e8", size = 85484, upload-time = "2025-04-24T22:06:22.219Z" }
wheels = [
    { url = "https://files.pythonhosted.org/packages/7e/f5/f66802a942d491edb555dd61e3a9961140fd64c90bce1eafd741609d334d/httpcore-1.0.9-py3-none-any.whl", hash = "sha256:2d400746a40668fc9dec9810239072b40b4484b640a8c38fd654a024c7a1bf55", size = 78784, upload-time = "2025-04-24T22:06:20.566Z" },
]

[[package]]
name = "httpx"
version = "0.28.1"
source = { registry = "https://pypi.org/simple" }
dependencies = [
    { name = "anyio" },
    { name = "certifi" },
    { name = "httpcore" },
    { name = "idna" },
]
sdist = { url = "https://files.pythonhosted.org/packages/b1/df/48c586a5fe32a0f01324ee087459e112ebb7224f646c0b5023f5e79e9956/httpx-0.28.1.tar.gz", hash = "sha256:75e98c5f16b0f35b567856f597f06ff2270a374470a5c2392242528e3e3e42fc", size = 141406, upload-time = "2024-12-06T15:37:23.222Z" }
wheels = [
    { url = "https://files.pythonhosted.org/packages/2a/39/e50c7c3a983047577ee07d2a9e53faf5a69493943ec3f6a384bdc792deb2/httpx-0.28.1-py3-none-any.whl", hash = "sha256:d909fcccc110f8c7faf814ca82a9a4d816bc5a6dbfea25d6591d6985b8ba59ad", size = 73517, upload-time = "2024-12-06T15:37:21.509Z" },
]

[[package]]
name = "idna"
version = "3.20"
source = { registry = "https://pypi.org/simple" }
sdist = { url = "https://files.pythonhosted.org/packages/f5/08/8eea9d4b8302028f3abb2c0813953f7aec26d33b7a8960ed760e65ff29fa/idna-3.20.tar.gz", hash = "sha256:a7db850025b95ded1eae8a46181a1a6c56c92c96f0e2b005d9ff8dc0210cab44", size = 216463, upload-time = "2026-09-17T14:11:04.752Z" }
wheels = [
    { url = "https://files.pythonhosted.org/packages/58/a2/bb081bab032533a855d44de1d56f8e8426114ff1ba5d1f07a438a0a654f8/idna-3.20-py3-none-any.whl", hash = "sha256:ab7ae7122974553370f0bdb919e1a960b2cd1bc1ef0276416d896db81c14582c", size = 69583, upload-time = "2026-09-17T14:11:03.168Z" },
]

[[package]]
name = "iniconfig"
version = "2.3.0"
source = { registry = "https://pypi.org/simple" }
sdist = { url = "https://files.pythonhosted.org/packages/72/34/14ca021ce8e5dfedc35312d08ba8bf51fdd999c576889fc2c24cb97f4f10/iniconfig-2.3.0.tar.gz", hash = "sha256:c76315c77db068650d49c5b56314774a7804df16fee4402c1f19d6d15d8c4730", size = 20503, upload-time = "2025-10-18T21:55:43.219Z" }
wheels = [
    { url = "https://files.pythonhosted.org/packages/cb/b1/3846dd7f199d53cb17f49cba7e651e9ce294d8497c8c150530ed11865bb8/iniconfig-2.3.0-py3-none-any.whl", hash = "sha256:f631c04d2c48c52b84d0d0549c99ff3859c98df65b3101406327ecc7d53fbf12", size = 7484, upload-time = "2025-10-18T21:55:41.639Z" },
]

[[package]]
name = "packaging"
version = "26.3"
source = { registry = "https://pypi.org/simple" }
sdist = { url = "https://files.pythonhosted.org/packages/7d/fa/3944b40b07da9ce895c0e6303a5ab7d53da063554f534556b134a54d6093/packaging-26.3.tar.gz", hash = "sha256:94edc256424af38762eb31306eed28beb9f0efc50a8837492c9d6fd6004aed79", size = 313412, upload-time = "2026-08-04T18:15:28.737Z" }
wheels = [
    { url = "https://files.pythonhosted.org/packages/63/34/ba1c580383c9eada3711951fef0795c80b829a078d72188184bcab9dd527/packaging-26.3-py3-none-any.whl", hash = "sha256:d7193f7c8e4e93f444fde0262bf90af30e16fa0ad0ad44cb553c87339b23cd1c", size = 129956, upload-time = "2026-08-04T18:15:27.159Z" },
]

[[package]]
name = "pluggy"
version = "1.6.0"
source = { registry = "https://pypi.org/simple" }
sdist = { url = "https://files.pythonhosted.org/packages/f9/e2/3e91f31a7d2b083fe6ef3fa267035b518369d9511ffab804f839851d2779/pluggy-1.6.0.tar.gz", hash = "sha256:7dcc130b76258d33b90f61b658791dede3486c3e6bfb003ee5c9bfb396dd22f3", size = 69412, upload-time = "2025-05-15T12:30:07.975Z" }
wheels = [
    { url = "https://files.pythonhosted.org/packages/54/20/4d324d65cc6d9205fabedc306948156824eb9f0ee1633355a8f7ec5c66bf/pluggy-1.6.0-py3-none-any.whl", hash = "sha256:e920276dd6813095e9377c0bc5566d94c932c33b27a3e3945d8389c374dd4746", size = 20538, upload-time = "2025-05-15T12:30:06.134Z" },
]

[[package]]
name = "pygments"
version = "2.21.0"
source = { registry = "https://pypi.org/simple" }
sdist = { url = "https://files.pythonhosted.org/packages/49/2e/ced460408999b33da6b31b0021b0f37d329e202d4169aeb164493778f25b/pygments-2.21.0.tar.gz", hash = "sha256:610ca751c9bc2492b38eb9a38a7fbc93edbbb2d7182edaf34e66ae493dee5c8c", size = 5005329, upload-time = "2026-08-17T08:02:48.824Z" }
wheels = [
    { url = "https://files.pythonhosted.org/packages/71/46/17f022dd3e953bf20a04a028a21ec746d942f8d2af30fa0f124fa0e6a684/pygments-2.21.0-py3-none-any.whl", hash = "sha256:2363c69b61c4a97c838da3b130dcd6468f4848992b21a82f2a63ec34377137d9", size = 1250147, upload-time = "2026-08-17T08:02:44.912Z" },
]

[[package]]
name = "pypdf"
version = "6.19.0"
source = { registry = "https://pypi.org/simple" }
sdist = { url = "https://files.pythonhosted.org/packages/1f/ac/63d71aaedb59acbcdef491e6ca6469165e3771c9c74358204818fd9bc5a6/pypdf-6.19.0.tar.gz", hash = "sha256:bbc43aca292369ccc6cbc8a921991ecf2538a3587ab5a116eff06c321d647155", size = 7033266, upload-time = "2026-09-16T09:32:05.946Z" }
wheels = [
    { url = "https://files.pythonhosted.org/packages/3c/2c/c43c03eaf630435f023f1dc61ec4a4a78951ad5530a62c71cc89bde307b7/pypdf-6.19.0-py3-none-any.whl", hash = "sha256:7e5d6e730e7dae87d560a2cee218b852f6498c8be61966f3cd02ead971e48d14", size = 395480, upload-time = "2026-09-16T09:32:04.087Z" },
]

[[package]]
name = "pyproj"
version = "3.8.0"
source = { registry = "https://pypi.org/simple" }
dependencies = [
    { name = "certifi" },
]
sdist = { url = "https://files.pythonhosted.org/packages/c8/29/6598570c90cbfc84ddefc3ccac4aa412bf51a527d72c74cc4fe64a5e6f24/pyproj-3.8.0.tar.gz", hash = "sha256:efa59725bba68bf97fa808b61302df32934acdceb6a5c92a8dd0e71dc266a876", size = 242018, upload-time = "2026-09-05T20:05:09.353Z" }
wheels = [
    { url = "https://files.pythonhosted.org/packages/bb/c0/e2cdf9555f4feb6a17717de08527b0358ecccca7892ac78b17f5a04903cb/pyproj-3.8.0-cp312-cp312-macosx_14_0_arm64.whl", hash = "sha256:8606ccbc110ce2e8cbe4c9ba6c3f24cd73f603795ac0fce1ceb8fc27a9bb786e", size = 4990712, upload-time = "2026-09-05T20:03:10.928Z" },
    { url = "https://files.pythonhosted.org/packages/4e/99/4ec34c75e06d18bd4b8e08189ef8a76170bab339a9bee7d6eaeed075d444/pyproj-3.8.0-cp312-cp312-macosx_15_0_x86_64.whl", hash = "sha256:2d4c49e27d404a95d244196fdadb6b0b0ba3c3cbb43a8d2a357fc579a36b7835", size = 6098819, upload-time = "2026-09-05T20:03:13.066Z" },
    { url = "https://files.pythonhosted.org/packages/28/c3/a819a14ff040ad441f09589fff28cca88c82cb8537818316c798f2ddafb2/pyproj-3.8.0-cp312-cp312-manylinux_2_28_aarch64.whl", hash = "sha256:d8e00ccd9195d9dbb968d490ae9e51c3a59378665506c05e36bfdb6493a38a69", size = 10120591, upload-time = "2026-09-05T20:03:15.214Z" },
    { url = "https://files.pythonhosted.org/packages/5f/ed/035354de8fbc1c1350f5b7f66361995f187d89675622eb63016bf7261dd5/pyproj-3.8.0-cp312-cp312-manylinux_2_28_x86_64.whl", hash = "sha256:6b34cec6bdd66b721980c003cc2a0fce0cab7949444ad037fc2a7ecb6f3b996c", size = 10037552, upload-time = "2026-09-05T20:03:17.43Z" },
    { url = "https://files.pythonhosted.org/packages/76/62/04809135418fb84402acf2a1d37beaeb770d66d78061962cbf0d459a0b07/pyproj-3.8.0-cp312-cp312-musllinux_1_2_aarch64.whl", hash = "sha256:859caa91bd9a1c614bac7de110f3a62f715e6c5a4fe9140c3fd6a0c5034e390d", size = 11498786, upload-time = "2026-09-05T20:03:20.178Z" },
    { url = "https://files.pythonhosted.org/packages/55/ce/7e29ca3df78c59b413ab20d2d2dfb1ef36329f051597992eaa65e4306ac0/pyproj-3.8.0-cp312-cp312-musllinux_1_2_x86_64.whl", hash = "sha256:e6e21972a28e65fdec4b794b6298206516853e03fc9ac40c14271c5dce6b0d32", size = 11497184, upload-time = "2026-09-05T20:03:22.591Z" },
    { url = "https://files.pythonhosted.org/packages/9a/8c/010481b3629eb70f8c8c433d706207b1ec91fdb76fc10cf4ec1d92f51bdd/pyproj-3.8.0-cp312-cp312-win32.whl", hash = "sha256:7914e83760284e4d8d3b6b2a6845c21270a07f214bfd89344d45f9ab63e1b4b5", size = 6295859, upload-time = "2026-09-05T20:03:24.738Z" },
    { url = "https://files.pythonhosted.org/packages/b7/d7/2c861a429581577a441e03020d27274812d7969748f5951d972f6e34597f/pyproj-3.8.0-cp312-cp312-win_amd64.whl", hash = "sha256:0556ce011e1530aea2084a12e39dc9c6ccd25a16c1db5457f39bf83161e7c301", size = 6714045, upload-time = "2026-09-05T20:03:26.863Z" },
    { url = "https://files.pythonhosted.org/packages/09/bb/2d1ff197922cfe106f204041503fb8039d2cee9c34c2a61a0b65f4121b4c/pyproj-3.8.0-cp312-cp312-win_arm64.whl", hash = "sha256:a792112106471f97c3f74b51639068388c9ad0605cc1ca100f11fd0bf47a004e", size = 6663720, upload-time = "2026-09-05T20:03:28.625Z" },
    { url = "https://files.pythonhosted.org/packages/3a/6c/50e8846bda4502d2967c78a106e3565f0e3008965066e65a90cfa295c673/pyproj-3.8.0-cp313-cp313-macosx_14_0_arm64.whl", hash = "sha256:d7bd22f1d4f058db72b5f09d0fcc9a2346178ccf965139ca483edaa5c3a7f2d3", size = 4987064, upload-time = "2026-09-05T20:03:30.544Z" },
    { url = "https://files.pythonhosted.org/packages/56/71/108a8a1fe4dfd6d0bfea14835d834d2a10a89c82b1807084f34f480c5599/pyproj-3.8.0-cp313-cp313-macosx_15_0_x86_64.whl", hash = "sha256:c90bf55c42d3d5475958196bf7331b9aa87e1505af49570f126739ad7e808c1e", size = 6096593, upload-time = "2026-09-05T20:03:32.128Z" },
    { url = "https://files.pythonhosted.org/packages/6d/c4/e9213bb303205912bce7d0681c39da654f9e0a9585cc227b1ee142b5156c/pyproj-3.8.0-cp313-cp313-manylinux_2_28_aarch64.whl", hash = "sha256:8e01abceec40fd8326637cc207a4da089a3c3f61e64001cbd86951c746c54085", size = 10051120, upload-time = "2026-09-05T20:03:34.006Z" },
    { url = "https://files.pythonhosted.org/packages/c9/80/3cdcc2e6942eec2774c8c27655705329e0d76b1eea849136d27dd75aea38/pyproj-3.8.0-cp313-cp313-manylinux_2_28_x86_64.whl", hash = "sha256:01a1601da9c6ad247a12d304f96f9e0b4ddd00b307636341c136442a70c5e218", size = 9974666, upload-time = "2026-09-05T20:03:36.226Z" },
    { url = "https://files.pythonhosted.org/packages/99/c4/f890986aa51e846de464e5054d46ea5443c7cf6fa677631b0e2aa0659dc4/pyproj-3.8.0-cp313-cp313-musllinux_1_2_aarch64.whl", hash = "sha256:0efefc85d3f262d4e5b43d0ffc4ea30e89881ed21feb281b1d1b1294423411ac", size = 11437839, upload-time = "2026-09-05T20:03:38.752Z" },
    { url = "https://files.pythonhosted.org/packages/c6/1e/e720a2d83424181be89ea5201c1f38c1ea8c73fdfae54e549bb44a14ace1/pyproj-3.8.0-cp313-cp313-musllinux_1_2_x86_64.whl", hash = "sha256:9d7f3526031ba810922b15eeab446667f02af4e78de49141e7f0d4a3c7e10ce1", size = 11436240, upload-time = "2026-09-05T20:03:41.128Z" },
    { url = "https://files.pythonhosted.org/packages/9b/0a/8cf66c2a355e2af80ce1dd41386ef2c9f6986c16893b5251e437a03cc5e3/pyproj-3.8.0-cp313-cp313-win32.whl", hash = "sha256:efe9f067215397d719df759083dda09b7012de99439003b12dff5109b339771d", size = 6293886, upload-time = "2026-09-05T20:03:43.392Z" },
    { url = "https://files.pythonhosted.org/packages/b7/70/c5477f4bcc1e1dfeb53ba082f8102467a5675f66ffc21fce1f2564c5ce5d/pyproj-3.8.0-cp313-cp313-win_amd64.whl", hash = "sha256:d7b542e249eb593c1af737b7124648868383b69744ab6a1a0a2ffd0113c997f4", size = 6710283, upload-time = "2026-09-05T20:03:45.185Z" },
    { url = "https://files.pythonhosted.org/packages/99/c5/986fc93c7569e82f21dc2e68cf3603843a57a9837e40f48651a69b4bd27f/pyproj-3.8.0-cp313-cp313-win_arm64.whl", hash = "sha256:b761da280804bb02574c3d950d5e56c47e2aec782d8a3e6714c9c10645cfd020", size = 6661749, upload-time = "2026-09-05T20:03:46.976Z" },
    { url = "https://files.pythonhosted.org/packages/1f/f0/9eb71bd1a38680e0bed2dafc7bb86893944c389fc4d1e4861411f9bc00a3/pyproj-3.8.0-cp314-cp314-macosx_14_0_arm64.whl", hash = "sha256:ad96cf05cfea67e54c16b2119b29ea60ba3b3562643ed3e8a0ce0ecc55efb50e", size = 4991052, upload-time = "2026-09-05T20:03:49.004Z" },
    { url = "https://files.pythonhosted.org/packages/fa/be/9c9839d8a95b57d6fea342802073886ce58a64b7f6e8f8d58054f2c245a8/pyproj-3.8.0-cp314-cp314-macosx_15_0_x86_64.whl", hash = "sha256:45d3abdf17a26396f86d353b957323d53e5fc9d9558bed311ae3b1bf6665448d", size = 6098992, upload-time = "2026-09-05T20:03:50.961Z" },
    { url = "https://files.pythonhosted.org/packages/81/f5/3dd3d75c124a12a9fb69f607a8c9d3af15439c78d57f0dc8d30edac3342e/pyproj-3.8.0-cp314-cp314-manylinux_2_28_aarch64.whl", hash = "sha256:0b3ba65286a1ea401ca51fd35f2bd375f26fd29d517d5ee980159f9f739b2109", size = 10047009, upload-time = "2026-09-05T20:03:52.921Z" },
    { url = "https://files.pythonhosted.org/packages/15/7e/ccee7d6b307bb635b47dbd96eb3471c3a7d6053b8f903723756f8a3ba00a/pyproj-3.8.0-cp314-cp314-manylinux_2_28_x86_64.whl", hash = "sha256:8cff207c2a92235f79bb2caab29790e1743776e02331143bc5de4224bd695911", size = 9942031, upload-time = "2026-09-05T20:03:55.327Z" },
    { url = "https://files.pythonhosted.org/packages/2b/1d/48a2f7d3242da15a75f6ef3ec33ebb250c4218735ac1ca0144e8fef7274c/pyproj-3.8.0-cp314-cp314-musllinux_1_2_aarch64.whl", hash = "sha256:c9a4e37ce375a87a407e8771475680b757903be59cd41b29e60f90bd56fa6b65", size = 11438119, upload-time = "2026-09-05T20:03:57.875Z" },
    { url = "https://files.pythonhosted.org/packages/c6/f7/4118e918180a6edc9267c2d7635167f96bd3c7fa634442b92cb7210a8298/pyproj-3.8.0-cp314-cp314-musllinux_1_2_x86_64.whl", hash = "sha256:ba53cff2c6e768f1b84844ff621291c5ab89ac8875bd8036ab6065aaf58cdbd9", size = 11408758, upload-time = "2026-09-05T20:04:00.587Z" },
    { url = "https://files.pythonhosted.org/packages/12/80/7b2aa0703cfd676a8c8545286cc58ea62ca647c60059c185f0ba484a6a92/pyproj-3.8.0-cp314-cp314-win32.whl", hash = "sha256:dba62da116d92a724723b6e206d792993486458369f65db2381f43564d0d2984", size = 6405456, upload-time = "2026-09-05T20:04:02.92Z" },
    { url = "https://files.pythonhosted.org/packages/f9/26/058eaa656d4e4c43a2528b51a39f6d4b3082e6eb38731ddab4088a744bc1/pyproj-3.8.0-cp314-cp314-win_amd64.whl", hash = "sha256:653b49e2d5aa87c22c1c32520700ed8f394583a0174a6e69ceb280bdbee1b4e6", size = 6856493, upload-time = "2026-09-05T20:04:05.836Z" },
    { url = "https://files.pythonhosted.org/packages/a5/41/8c7c837c863611745e4ad6d30ef2f64838ac7dd77532934120abb4e280f4/pyproj-3.8.0-cp314-cp314-win_arm64.whl", hash = "sha256:c211c35bd8bbf6693fd2787bf8cb15bbac6fbdbad4f6495e9baf53e84923b1a8", size = 6815331, upload-time = "2026-09-05T20:04:08.149Z" },
    { url = "https://files.pythonhosted.org/packages/29/2a/c187159cdd3c0d77a47008b67848433c7663f6f330fdda31d33994525ba6/pyproj-3.8.0-cp314-cp314t-macosx_14_0_arm64.whl", hash = "sha256:e2129d03506414ff22fa4bc2541100ce3bfd9b6d1d9af805e77631aae04b866b", size = 5034204, upload-time = "2026-09-05T20:04:09.811Z" },
    { url = "https://files.pythonhosted.org/packages/5a/3a/33a116141601104596f8d13fb8475124fffc0b79eba7dea607eed7d479ad/pyproj-3.8.0-cp314-cp314t-macosx_15_0_x86_64.whl", hash = "sha256:1271c631c28c1d646c1e0b890bd691d1c4b736f9745a9d8a00f750fefd77de9c", size = 6124713, upload-time = "2026-09-05T20:04:11.517Z" },
    { url = "https://files.pythonhosted.org/packages/d4/42/c95c4a06f59271be31b893ddc9b55e3a2c0a577ab6a1204bd4047a3a2898/pyproj-3.8.0-cp314-cp314t-manylinux_2_28_aarch64.whl", hash = "sha256:a510721719b9e3f5964ad8235e3530bdd82a38093266ad037ee08f71fb9995e9", size = 10326257, upload-time = "2026-09-05T20:04:13.682Z" },
    { url = "https://files.pythonhosted.org/packages/2e/ef/a23a52a64fd8669a3bb65e6af754f60b3622f30cfd86092007baec3afcdd/pyproj-3.8.0-cp314-cp314t-manylinux_2_28_x86_64.whl", hash = "sha256:faa68c0996bdd3fd997d86c676e758b72a96209ab14b7c5e8b8dcf3b23f85881", size = 10127655, upload-time = "2026-09-05T20:04:16.52Z" },
    { url = "https://files.pythonhosted.org/packages/de/d5/7ce0841f952c44daff8673636e112e07320dcf19d34cb02b830619eafcfd/pyproj-3.8.0-cp314-cp314t-musllinux_1_2_aarch64.whl", hash = "sha256:fe26eb69e78f8b8d30ee67a6a6cfc172dd6085bc2c164a7143568138cb3a5a39", size = 11645798, upload-time = "2026-09-05T20:04:19.251Z" },
    { url = "https://files.pythonhosted.org/packages/e7/23/f921f08d883431d69486e18c127a4b5ad5d4d47ebc530e89ec49faa9e962/pyproj-3.8.0-cp314-cp314t-musllinux_1_2_x86_64.whl", hash = "sha256:2da8c0be5660e4f261bf1e63c1d51a8c503947af1c0a330e15e5cddec7ef1e5c", size = 11569070, upload-time = "2026-09-05T20:04:22.142Z" },
    { url = "https://files.pythonhosted.org/packages/ba/b1/e1a20545949c2dc13c6dfc80593f07c1ba32eb6d5f7134732eb1306c5540/pyproj-3.8.0-cp314-cp314t-win32.whl", hash = "sha256:cb38a247201b26be0a2513262e0014847fba6a28400a921d26f6d23db924e345", size = 6475514, upload-time = "2026-09-05T20:04:24.428Z" },
    { url = "https://files.pythonhosted.org/packages/af/46/b3def124148728753a60e8ce3123aed8fec135fd050304c8aa9917aeeeae/pyproj-3.8.0-cp314-cp314t-win_amd64.whl", hash = "sha256:cd047cfb04e451b95ff8b91f824e641a54944fbf64dfef7946e4e8bad6f3f752", size = 6946924, upload-time = "2026-09-05T20:04:26.276Z" },
    { url = "https://files.pythonhosted.org/packages/66/24/c6b0cd6cb625ebc07aeea9bccca5802d9685ee178e9da8c03baadc035f2e/pyproj-3.8.0-cp314-cp314t-win_arm64.whl", hash = "sha256:a02db72ac71f36d4da337e43e98f59ec216613d1bbc2aa1543a9488f3a2a17cc", size = 6847919, upload-time = "2026-09-05T20:04:28.301Z" },
    { url = "https://files.pythonhosted.org/packages/51/00/2c47781ba80bfbeec612815eee45f7b08c4727d4da4d7853981338ff38d1/pyproj-3.8.0-cp315-cp315-macosx_14_0_arm64.whl", hash = "sha256:54750d95c7aa1cbe78ec7be522ceef9b82b8f6f185d26ca413995a953bf8f1e8", size = 4990032, upload-time = "2026-09-05T20:04:30.104Z" },
    { url = "https://files.pythonhosted.org/packages/ba/5a/d8fb1ceb8044bcacfbe1af15169c5674748228c6f6aa8d036399ecfe856f/pyproj-3.8.0-cp315-cp315-macosx_15_0_x86_64.whl", hash = "sha256:dd5bc46f443466cf18418290ef6b69b604b706b24adf84f2ea1d32e58a2f7209", size = 6097707, upload-time = "2026-09-05T20:04:32.346Z" },
    { url = "https://files.pythonhosted.org/packages/a2/24/0a5d3900c001f23d220ae4babd375f17667a505981be573c270c9952bb8f/pyproj-3.8.0-cp315-cp315-manylinux_2_28_aarch64.whl", hash = "sha256:f6e7aa6b2da0c7ae6b6185cb9769bf2f941c5f9cd0c246e98e04fc6751621eac", size = 10052422, upload-time = "2026-09-05T20:04:34.365Z" },
    { url = "https://files.pythonhosted.org/packages/81/68/3cdb0bc8eb5e30e21e2fadbf090c2a92cb92b92175fe9b76d2c74351cc6f/pyproj-3.8.0-cp315-cp315-manylinux_2_28_x86_64.whl", hash = "sha256:0fb11c0d6a7caa396275012a9bda461ddf2d209cf6edfe53c477fb9c71778672", size = 9950482, upload-time = "2026-09-05T20:04:36.814Z" },
    { url = "https://files.pythonhosted.org/packages/b1/b7/d08c09c7d10aacd7705ef71b8fa8e0aed5b625b3f410038d7a198a81fd48/pyproj-3.8.0-cp315-cp315-musllinux_1_2_aarch64.whl", hash = "sha256:ea85d85e71d03d9b26d3bab78384226ebcfa71ac61bc25fcca5f50a144003575", size = 11443699, upload-time = "2026-09-05T20:04:39.324Z" },
    { url = "https://files.pythonhosted.org/packages/84/12/c24538a68b5d8ec33e1a2fe4d1dc309108bcfbd9991e976e1a8933063500/pyproj-3.8.0-cp315-cp315-musllinux_1_2_x86_64.whl", hash = "sha256:ba88a9b5bfb39a141361e6ccc2a06136383ea2757fbfe3e6df2dd1133ad55304", size = 11410580, upload-time = "2026-09-05T20:04:41.739Z" },
    { url = "https://files.pythonhosted.org/packages/55/13/5bbb11d7d84d4d90b7a5c32c7b48dfaf49a00b04cc1572a92a68e06ae80f/pyproj-3.8.0-cp315-cp315-win32.whl", hash = "sha256:d3a37e54316ebb90f5740aed4728f43cb563109dd4ef610d0a1bc7238666d2a2", size = 6405053, upload-time = "2026-09-05T20:04:43.921Z" },
    { url = "https://files.pythonhosted.org/packages/de/f3/93daa94374eae77a188558cb20b159645eae4fb812fcadd066fc4935d018/pyproj-3.8.0-cp315-cp315-win_amd64.whl", hash = "sha256:d752eaaae639719abdb4d357008b4311c0931977f4ea0f019e79e4176ab243a7", size = 6856131, upload-time = "2026-09-05T20:04:45.619Z" },
    { url = "https://files.pythonhosted.org/packages/78/ce/69d83ccaf270916392e4625fad611e0a72a8fca8287db015f67787c193a5/pyproj-3.8.0-cp315-cp315-win_arm64.whl", hash = "sha256:dde9f238bb08f961c040ce7c6202ad5b841b508ece76eacfd8e18bc202778de7", size = 6815088, upload-time = "2026-09-05T20:04:47.339Z" },
    { url = "https://files.pythonhosted.org/packages/c2/f7/8efd72b1c73377fa41bd161b20a257b33a8497a0fcc1d2073c743622717c/pyproj-3.8.0-cp315-cp315t-macosx_14_0_arm64.whl", hash = "sha256:d31e9ddbd0ffcb65fcd902ab726b26741c9a8e8b90b60844596fd5b67030b39c", size = 5028580, upload-time = "2026-09-05T20:04:49.337Z" },
    { url = "https://files.pythonhosted.org/packages/12/17/9785c98b37e99fe2d67118198b9c379c0883d4b215b1dd1594cd98dc12c7/pyproj-3.8.0-cp315-cp315t-macosx_15_0_x86_64.whl", hash = "sha256:19db3f429013d20d31cfc56b2db44246fe5c33514b320eaef09f71f1762836bb", size = 6118988, upload-time = "2026-09-05T20:04:51.566Z" },
    { url = "https://files.pythonhosted.org/packages/eb/d2/ecfbd0c96dbf1370c4f8931dcee451620e08eb77c1f288b262ee2d962217/pyproj-3.8.0-cp315-cp315t-manylinux_2_28_aarch64.whl", hash = "sha256:f0540dea10339be8bb9f90c95685607b262547c53fa7645eef010965b80c4a90", size = 10316986, upload-time = "2026-09-05T20:04:53.498Z" },
    { url = "https://files.pythonhosted.org/packages/f5/c8/6783f31b178506a8faf55eb4e2f0007c281251a0303d59aa0c9ce9a85a80/pyproj-3.8.0-cp315-cp315t-manylinux_2_28_x86_64.whl", hash = "sha256:1074ab4aac836cb0e211fcf0e36dda7d51126c7ce15062ed9007164c6ae93183", size = 10128479, upload-time = "2026-09-05T20:04:56.441Z" },
    { url = "https://files.pythonhosted.org/packages/fc/03/212cb8445d84d20bca10b9c02516e99793a9b3d645e30892ca343499e9be/pyproj-3.8.0-cp315-cp315t-musllinux_1_2_aarch64.whl", hash = "sha256:c6da4fedc9b86970cca828b871b3fcbf8f9ad2da353b0669445fd8c03c89a9f7", size = 11641773, upload-time = "2026-09-05T20:04:59.129Z" },
    { url = "https://files.pythonhosted.org/packages/5c/fe/7a390eeb54cf3294d23dd6b03435485b4b28e1e6ca9217ce1e0c1941fe1e/pyproj-3.8.0-cp315-cp315t-musllinux_1_2_x86_64.whl", hash = "sha256:79e222f6f8486d0af3ebc5544edecebf396492e38f46500f668c6c389a20e4df", size = 11562250, upload-time = "2026-09-05T20:05:01.817Z" },
    { url = "https://files.pythonhosted.org/packages/ed/7a/faad58c948947b217fcf06f80d308fff27bab5730ad6c9cd4c35bcf8bc90/pyproj-3.8.0-cp315-cp315t-win32.whl", hash = "sha256:0ff22ad49d1f59e18a57384926aabcb0ee8bbe9213e5abe375fd18b1b6ace194", size = 6471511, upload-time = "2026-09-05T20:05:04.113Z" },
    { url = "https://files.pythonhosted.org/packages/cf/a8/5ed4f4042031e13a0fede12e81af1e4143102221c373f966a24f38b0d284/pyproj-3.8.0-cp315-cp315t-win_amd64.whl", hash = "sha256:d5a408b215ef98c9ae19e58ec512360b8ad9b25f8792138f983a58d159ac7157", size = 6940114, upload-time = "2026-09-05T20:05:05.737Z" },
    { url = "https://files.pythonhosted.org/packages/12/14/9c291ad92b565629cf4eacee72cbc8071ca8d93c9d719b47f304b1b2ea76/pyproj-3.8.0-cp315-cp315t-win_arm64.whl", hash = "sha256:bbf8a786ebfa9a904802dfde0e95e1325df8efbb573a19686c1937499a8f04e8", size = 6843958, upload-time = "2026-09-05T20:05:07.527Z" },
]

[[package]]
name = "pytest"
version = "9.1.1"
source = { registry = "https://pypi.org/simple" }
dependencies = [
    { name = "colorama", marker = "sys_platform == 'win32'" },
    { name = "iniconfig" },
    { name = "packaging" },
    { name = "pluggy" },
    { name = "pygments" },
]
sdist = { url = "https://files.pythonhosted.org/packages/e4/47/b9efed96c114afcfa3c9d3fe98a76a1d14c74a9e266d397cf6eb64be5e01/pytest-9.1.1.tar.gz", hash = "sha256:1088fbde8f2b49d95a549a195707afa7a76a3ce9bcadc26b6d71f0ffda5fe313", size = 1636369, upload-time = "2026-06-19T10:58:32.857Z" }
wheels = [
    { url = "https://files.pythonhosted.org/packages/24/25/1de2678b631f5a49215c6c96fff41ba892b0a34df68d6d80292b1b48aa7f/pytest-9.1.1-py3-none-any.whl", hash = "sha256:37a86b45efb9a47a61a36449063e8e18d0cab3161329fc099eb21783169c4f0c", size = 386536, upload-time = "2026-06-19T10:58:31.347Z" },
]

[[package]]
name = "ruff"
version = "0.16.8"
source = { registry = "https://pypi.org/simple" }
sdist = { url = "https://files.pythonhosted.org/packages/ba/78/449cb84790bd5cc3823b2652ee405a4558856e5c4195aee3a16bf7b3eb5d/ruff-0.16.8.tar.gz", hash = "sha256:9247bf92b5f04d825c8639a4fe423ec2e4222acd9222e58412b0dab7e442798b", size = 4938814, upload-time = "2026-09-16T15:54:46.688Z" }
wheels = [
    { url = "https://files.pythonhosted.org/packages/ac/25/6071aabc530e9be7e2c195e8fe3f7aea2735405b6cf447212832d7811831/ruff-0.16.8-py3-none-linux_armv6l.whl", hash = "sha256:6ffbd6d87383c1edf5f6fa890f10200950240d7c1a16052a19a09d3a2307dd38", size = 10048966, upload-time = "2026-09-16T15:53:57.605Z" },
    { url = "https://files.pythonhosted.org/packages/54/98/07f90ecbc74dd5fb5764f11f2bc774d6a7cffef92d2ff5f5b4e9e23c754e/ruff-0.16.8-py3-none-macosx_10_12_x86_64.whl", hash = "sha256:42ed6b878ed61e3acca92f2730a17acff39286944ea82398544696366a6f925e", size = 10165498, upload-time = "2026-09-16T15:54:01.14Z" },
    { url = "https://files.pythonhosted.org/packages/fe/1f/e6a712e3b47cad4a40600134105ed193cb773f618a42eb7ba323cb812cc0/ruff-0.16.8-py3-none-macosx_11_0_arm64.whl", hash = "sha256:7ea781c7f2afba8c6a505ea0fb3f994020249e0c450635f5381286fea6b46170", size = 9830004, upload-time = "2026-09-16T15:54:03.998Z" },
    { url = "https://files.pythonhosted.org/packages/23/f2/311a08776d75d81c7676e20b6b020ae63cbe881fcdc7a8dd64e6e18bdd93/ruff-0.16.8-py3-none-manylinux_2_17_aarch64.manylinux2014_aarch64.whl", hash = "sha256:8efeae3bbe414a5efefda11a792dfb51ef90ac48d50c4830de2f644caf3e8659", size = 9986558, upload-time = "2026-09-16T15:54:06.804Z" },
    { url = "https://files.pythonhosted.org/packages/f3/ed/37b6cb3d3ba8c73e68ae3eb1d502383beb5aa05a582bb7bb3a922f929f54/ruff-0.16.8-py3-none-manylinux_2_17_armv7l.manylinux2014_armv7l.whl", hash = "sha256:3a79b795469fef7fc6e908b218eed2eb17332afd85031db6480dc864560e69b2", size = 9877332, upload-time = "2026-09-16T15:54:09.552Z" },
    { url = "https://files.pythonhosted.org/packages/22/cc/40873a8f36ad084cc540d55fcca7077264d5b13b24659e9180c176fb2b08/ruff-0.16.8-py3-none-manylinux_2_17_i686.manylinux2014_i686.whl", hash = "sha256:3fdc5563cdc50555e6fba39322850860e9267c1b3d12c26a74729d8604c3c812", size = 10507125, upload-time = "2026-09-16T15:54:12.152Z" },
    { url = "https://files.pythonhosted.org/packages/c3/e4/fc91a642b78ccbab6b9477720f3644ae7a10a9bcce69a934679cd64f62bc/ruff-0.16.8-py3-none-manylinux_2_17_ppc64le.manylinux2014_ppc64le.whl", hash = "sha256:34508983c70665578dab88f5223d8e6228307e1135398ca8bfc8b7e9501e282b", size = 11336694, upload-time = "2026-09-16T15:54:15.489Z" },
    { url = "https://files.pythonhosted.org/packages/c2/3d/bbd2a9a600a4e73dc3e7548a249c8d1671273464b55822c6fae50f602dff/ruff-0.16.8-py3-none-manylinux_2_17_s390x.manylinux2014_s390x.whl", hash = "sha256:644bb578569e0ffc575741232bd385dacdd6fbe123f1a729e7a225f54aa3957f", size = 10774448, upload-time = "2026-09-16T15:54:18.16Z" },
    { url = "https://files.pythonhosted.org/packages/1a/41/d83af9879a7b6e8bf5fe16b1da0b134049d2f5d3afac12defb0897cb84bd/ruff-0.16.8-py3-none-manylinux_2_17_x86_64.manylinux2014_x86_64.whl", hash = "sha256:15e7d226246961db9235098333caa13063906d3851136b84c2900b82f5daa1df", size = 10323796, upload-time = "2026-09-16T15:54:20.743Z" },
    { url = "https://files.pythonhosted.org/packages/f5/2c/cefd07bfe914b84943ea769ade8d607bd22750b965d3228eefd7cebd15d0/ruff-0.16.8-py3-none-manylinux_2_31_riscv64.whl", hash = "sha256:a2bf6bc3e9ebdd4449abc6f06cf64b98051a2c61cf94d2fe9596518c881f1a1e", size = 10514115, upload-time = "2026-09-16T15:54:23.497Z" },
    { url = "https://files.pythonhosted.org/packages/f3/9d/76a2e26c79a23be6e6e3664c57bec9e9fc8de155cfb9e4b67ea91b64f9d7/ruff-0.16.8-py3-none-musllinux_1_2_aarch64.whl", hash = "sha256:6ca111ba0849539165e9e59d2b442542f3c1e8060ebbdea82494f1ffbccb1e1f", size = 10072582, upload-time = "2026-09-16T15:54:26.185Z" },
    { url = "https://files.pythonhosted.org/packages/2e/d4/f42edddb39668af1a559ceafa3823aedd65633a48dc9768e775485faa2c1/ruff-0.16.8-py3-none-musllinux_1_2_armv7l.whl", hash = "sha256:359a1e5b495448ee1e91018064382ebc86f90e8aac2fed222c7d0e4e8df85fd2", size = 9879644, upload-time = "2026-09-16T15:54:29.278Z" },
    { url = "https://files.pythonhosted.org/packages/f8/d4/913e3195d95e0378786c6656945c865f534a3560e29139da4882aff630d1/ruff-0.16.8-py3-none-musllinux_1_2_i686.whl", hash = "sha256:59e8f5681349474110b24d62e93cfda6593f5fa3473446ca3705200cac1a08b9", size = 10231569, upload-time = "2026-09-16T15:54:32.036Z" },
    { url = "https://files.pythonhosted.org/packages/2b/c4/8aa6ea0bdcedbd1bf87397e2fc4ed8406448ea5842f8660bc6e5f163039d/ruff-0.16.8-py3-none-musllinux_1_2_x86_64.whl", hash = "sha256:efa3e7a16d1baaa79957888dfdf8be9ef2e44db81cb032af06d76632ab59e773", size = 10663666, upload-time = "2026-09-16T15:54:34.838Z" },
    { url = "https://files.pythonhosted.org/packages/3d/02/7f10ef4700bc223c30a3fdd10631a29830c45524b810a3c7ed947af64591/ruff-0.16.8-py3-none-win32.whl", hash = "sha256:55793ba85c69921e89be061426d91a78652d6e50317c962240922747a4eb713f", size = 10093472, upload-time = "2026-09-16T15:54:37.47Z" },
    { url = "https://files.pythonhosted.org/packages/1e/5d/a509c07d714b6da88f2c518b4637cf6f1d46b074be8f0f1e5fb9ff5126fe/ruff-0.16.8-py3-none-win_amd64.whl", hash = "sha256:a6b85621fd3c81e31fc5f5add09c9c078b430db3595ca632efafdec9e64ebfaa", size = 10586899, upload-time = "2026-09-16T15:54:40.488Z" },
    { url = "https://files.pythonhosted.org/packages/fe/a0/50787329e4f20bf9dc9f6230015d46ec69c51a97ace5bc202dae4755365d/ruff-0.16.8-py3-none-win_arm64.whl", hash = "sha256:d075e820af612102ce217f07cc93e69f9490b10ec13ea85fa87bd03d996cef8a", size = 10386316, upload-time = "2026-09-16T15:54:43.332Z" },
]

[[package]]
name = "ttw-pipelines"
version = "0.1.0"
source = { editable = "." }
dependencies = [
    { name = "httpx" },
    { name = "pypdf" },
    { name = "pyproj" },
]

[package.dev-dependencies]
dev = [
    { name = "pytest" },
    { name = "ruff" },
]

[package.metadata]
requires-dist = [
    { name = "httpx", specifier = ">=0.28" },
    { name = "pypdf", specifier = ">=6.0" },
    { name = "pyproj", specifier = ">=3.7" },
]

[package.metadata.requires-dev]
dev = [
    { name = "pytest", specifier = ">=8.4" },
    { name = "ruff", specifier = ">=0.13" },
]

[[package]]
name = "typing-extensions"
version = "4.16.0"
source = { registry = "https://pypi.org/simple" }
sdist = { url = "https://files.pythonhosted.org/packages/f6/cc/6253133b5bb138fc3306cebfbda2c520f545d36b5be2c7255cc528bb45d6/typing_extensions-4.16.0.tar.gz", hash = "sha256:dc983d19a509c94dba722ee6abd33940f7c05a89e243c47e907eb4db6f1a43e5", size = 113555, upload-time = "2026-07-02T08:40:05.92Z" }
wheels = [
    { url = "https://files.pythonhosted.org/packages/49/d3/b8441a820a491ddfc024b0b0cf0393375b75ea13866d9c66727e54c2fc80/typing_extensions-4.16.0-py3-none-any.whl", hash = "sha256:481caa481374e813c1b176ada14e97f1f67a4539ce9cfeb3f350d78d6370c2e8", size = 45571, upload-time = "2026-07-02T08:40:04.659Z" },
]
